// !$*UTF8*$!
{
	archiveVersion = 1;
	classes = {
	};
	objectVersion = 48;
	objects = {

/* Begin PBXBuildFile section */
		AE5796162004018F0039D3CA /* Interface.storyboard in Resources */ = {isa = PBXBuildFile; fileRef = AE5796142004018F0039D3CA /* Interface.storyboard */; };
		AE57961F200401900039D3CA /* Swiftendo_AW Extension.appex in Embed App Extensions */ = {isa = PBXBuildFile; fileRef = AE57961E200401900039D3CA /* Swiftendo_AW Extension.appex */; settings = {ATTRIBUTES = (RemoveHeadersOnCopy, ); }; };
		AE579624200401900039D3CA /* InterfaceController.swift in Sources */ = {isa = PBXBuildFile; fileRef = AE579623200401900039D3CA /* InterfaceController.swift */; };
		AE579626200401900039D3CA /* ExtensionDelegate.swift in Sources */ = {isa = PBXBuildFile; fileRef = AE579625200401900039D3CA /* ExtensionDelegate.swift */; };
		AE57962C200401900039D3CA /* Swiftendo_AW.app in Embed Watch Content */ = {isa = PBXBuildFile; fileRef = AE5796122004018F0039D3CA /* Swiftendo_AW.app */; };
		AE579636200402350039D3CA /* Assets.xcassets in Resources */ = {isa = PBXBuildFile; fileRef = AED416FB1FC3265400ADAAB9 /* Assets.xcassets */; };
		AE579637200403F30039D3CA /* Assets.xcassets in Resources */ = {isa = PBXBuildFile; fileRef = AED416FB1FC3265400ADAAB9 /* Assets.xcassets */; };
		AE8393491FC395BC00B75CA2 /* Sounds in Resources */ = {isa = PBXBuildFile; fileRef = AE8393481FC395B200B75CA2 /* Sounds */; };
		AE83934B1FC49C9800B75CA2 /* MyTileSet.sks in Resources */ = {isa = PBXBuildFile; fileRef = AE83934A1FC49C9800B75CA2 /* MyTileSet.sks */; };
		AED416EF1FC3265400ADAAB9 /* AppDelegate.swift in Sources */ = {isa = PBXBuildFile; fileRef = AED416EE1FC3265400ADAAB9 /* AppDelegate.swift */; };
		AED416F51FC3265400ADAAB9 /* GameScene.swift in Sources */ = {isa = PBXBuildFile; fileRef = AED416F41FC3265400ADAAB9 /* GameScene.swift */; };
		AED416F71FC3265400ADAAB9 /* GameViewController.swift in Sources */ = {isa = PBXBuildFile; fileRef = AED416F61FC3265400ADAAB9 /* GameViewController.swift */; };
		AED416FA1FC3265400ADAAB9 /* Main.storyboard in Resources */ = {isa = PBXBuildFile; fileRef = AED416F81FC3265400ADAAB9 /* Main.storyboard */; };
		AED416FC1FC3265400ADAAB9 /* Assets.xcassets in Resources */ = {isa = PBXBuildFile; fileRef = AED416FB1FC3265400ADAAB9 /* Assets.xcassets */; };
		AED416FF1FC3265400ADAAB9 /* LaunchScreen.storyboard in Resources */ = {isa = PBXBuildFile; fileRef = AED416FD1FC3265400ADAAB9 /* LaunchScreen.storyboard */; };
		D7117EF11FD69F7F00E082E3 /* Button.swift in Sources */ = {isa = PBXBuildFile; fileRef = D7117EF01FD69F7F00E082E3 /* Button.swift */; };
		D719E3131FE3DC3E002D6ADF /* GameScene.sks in Resources */ = {isa = PBXBuildFile; fileRef = D719E3121FE3DC3E002D6ADF /* GameScene.sks */; };
		D71CD259200BCBB70082D273 /* Pokeball.swift in Sources */ = {isa = PBXBuildFile; fileRef = D71CD258200BCBB70082D273 /* Pokeball.swift */; };
		D71CD261200BF25A0082D273 /* CollisionTypes.swift in Sources */ = {isa = PBXBuildFile; fileRef = D71CD260200BF25A0082D273 /* CollisionTypes.swift */; };
		D758B3EE200B727A009D5F37 /* Direction.swift in Sources */ = {isa = PBXBuildFile; fileRef = D758B3ED200B727A009D5F37 /* Direction.swift */; };
		D758B3F0200B72E0009D5F37 /* ButtonType.swift in Sources */ = {isa = PBXBuildFile; fileRef = D758B3EF200B72E0009D5F37 /* ButtonType.swift */; };
		D76CB5FF200A550700C6557E /* SKNode+Action.swift in Sources */ = {isa = PBXBuildFile; fileRef = D76CB5FE200A550700C6557E /* SKNode+Action.swift */; };
		D7797E702013AA6900C81B71 /* Operators.swift in Sources */ = {isa = PBXBuildFile; fileRef = D7797E6F2013AA6900C81B71 /* Operators.swift */; };
		D7797E722013EC9700C81B71 /* RetryButton.swift in Sources */ = {isa = PBXBuildFile; fileRef = D7797E712013EC9700C81B71 /* RetryButton.swift */; };
		D798DCF52004025200B12290 /* Player.swift in Sources */ = {isa = PBXBuildFile; fileRef = D798DCF42004025200B12290 /* Player.swift */; };
		D7F12FE1200813790010EF62 /* Monster.swift in Sources */ = {isa = PBXBuildFile; fileRef = D7F12FE0200813790010EF62 /* Monster.swift */; };
/* End PBXBuildFile section */

/* Begin PBXContainerItemProxy section */
		AE579620200401900039D3CA /* PBXContainerItemProxy */ = {
			isa = PBXContainerItemProxy;
			containerPortal = AED416E31FC3265400ADAAB9 /* Project object */;
			proxyType = 1;
			remoteGlobalIDString = AE57961D200401900039D3CA;
			remoteInfo = "Swiftendo_AW Extension";
		};
		AE57962A200401900039D3CA /* PBXContainerItemProxy */ = {
			isa = PBXContainerItemProxy;
			containerPortal = AED416E31FC3265400ADAAB9 /* Project object */;
			proxyType = 1;
			remoteGlobalIDString = AE5796112004018F0039D3CA;
			remoteInfo = Swiftendo_AW;
		};
/* End PBXContainerItemProxy section */

/* Begin PBXCopyFilesBuildPhase section */
		AE579632200401900039D3CA /* Embed App Extensions */ = {
			isa = PBXCopyFilesBuildPhase;
			buildActionMask = 2147483647;
			dstPath = "";
			dstSubfolderSpec = 13;
			files = (
				AE57961F200401900039D3CA /* Swiftendo_AW Extension.appex in Embed App Extensions */,
			);
			name = "Embed App Extensions";
			runOnlyForDeploymentPostprocessing = 0;
		};
		AE579634200401900039D3CA /* Embed Watch Content */ = {
			isa = PBXCopyFilesBuildPhase;
			buildActionMask = 2147483647;
			dstPath = "$(CONTENTS_FOLDER_PATH)/Watch";
			dstSubfolderSpec = 16;
			files = (
				AE57962C200401900039D3CA /* Swiftendo_AW.app in Embed Watch Content */,
			);
			name = "Embed Watch Content";
			runOnlyForDeploymentPostprocessing = 0;
		};
/* End PBXCopyFilesBuildPhase section */

/* Begin PBXFileReference section */
		AE5796122004018F0039D3CA /* Swiftendo_AW.app */ = {isa = PBXFileReference; explicitFileType = wrapper.application; includeInIndex = 0; path = Swiftendo_AW.app; sourceTree = BUILT_PRODUCTS_DIR; };
		AE5796152004018F0039D3CA /* Base */ = {isa = PBXFileReference; lastKnownFileType = file.storyboard; name = Base; path = Base.lproj/Interface.storyboard; sourceTree = "<group>"; };
		AE5796192004018F0039D3CA /* Info.plist */ = {isa = PBXFileReference; lastKnownFileType = text.plist.xml; path = Info.plist; sourceTree = "<group>"; };
		AE57961E200401900039D3CA /* Swiftendo_AW Extension.appex */ = {isa = PBXFileReference; explicitFileType = "wrapper.app-extension"; includeInIndex = 0; path = "Swiftendo_AW Extension.appex"; sourceTree = BUILT_PRODUCTS_DIR; };
		AE579623200401900039D3CA /* InterfaceController.swift */ = {isa = PBXFileReference; lastKnownFileType = sourcecode.swift; path = InterfaceController.swift; sourceTree = "<group>"; };
		AE579625200401900039D3CA /* ExtensionDelegate.swift */ = {isa = PBXFileReference; lastKnownFileType = sourcecode.swift; path = ExtensionDelegate.swift; sourceTree = "<group>"; };
		AE579629200401900039D3CA /* Info.plist */ = {isa = PBXFileReference; lastKnownFileType = text.plist.xml; path = Info.plist; sourceTree = "<group>"; };
		AE8393481FC395B200B75CA2 /* Sounds */ = {isa = PBXFileReference; lastKnownFileType = folder; path = Sounds; sourceTree = "<group>"; };
		AE83934A1FC49C9800B75CA2 /* MyTileSet.sks */ = {isa = PBXFileReference; lastKnownFileType = file.sks; path = MyTileSet.sks; sourceTree = "<group>"; };
		AED416EB1FC3265400ADAAB9 /* Swiftendo.app */ = {isa = PBXFileReference; explicitFileType = wrapper.application; includeInIndex = 0; path = Swiftendo.app; sourceTree = BUILT_PRODUCTS_DIR; };
		AED416EE1FC3265400ADAAB9 /* AppDelegate.swift */ = {isa = PBXFileReference; lastKnownFileType = sourcecode.swift; path = AppDelegate.swift; sourceTree = "<group>"; };
		AED416F41FC3265400ADAAB9 /* GameScene.swift */ = {isa = PBXFileReference; lastKnownFileType = sourcecode.swift; path = GameScene.swift; sourceTree = "<group>"; };
		AED416F61FC3265400ADAAB9 /* GameViewController.swift */ = {isa = PBXFileReference; lastKnownFileType = sourcecode.swift; path = GameViewController.swift; sourceTree = "<group>"; };
		AED416F91FC3265400ADAAB9 /* Base */ = {isa = PBXFileReference; lastKnownFileType = file.storyboard; name = Base; path = Base.lproj/Main.storyboard; sourceTree = "<group>"; };
		AED416FB1FC3265400ADAAB9 /* Assets.xcassets */ = {isa = PBXFileReference; lastKnownFileType = folder.assetcatalog; path = Assets.xcassets; sourceTree = "<group>"; };
		AED416FE1FC3265400ADAAB9 /* Base */ = {isa = PBXFileReference; lastKnownFileType = file.storyboard; name = Base; path = Base.lproj/LaunchScreen.storyboard; sourceTree = "<group>"; };
		AED417001FC3265400ADAAB9 /* Info.plist */ = {isa = PBXFileReference; lastKnownFileType = text.plist.xml; path = Info.plist; sourceTree = "<group>"; };
		D7117EF01FD69F7F00E082E3 /* Button.swift */ = {isa = PBXFileReference; lastKnownFileType = sourcecode.swift; path = Button.swift; sourceTree = "<group>"; };
		D719E3121FE3DC3E002D6ADF /* GameScene.sks */ = {isa = PBXFileReference; lastKnownFileType = file.sks; path = GameScene.sks; sourceTree = "<group>"; };
		D71CD258200BCBB70082D273 /* Pokeball.swift */ = {isa = PBXFileReference; lastKnownFileType = sourcecode.swift; path = Pokeball.swift; sourceTree = "<group>"; };
		D71CD260200BF25A0082D273 /* CollisionTypes.swift */ = {isa = PBXFileReference; lastKnownFileType = sourcecode.swift; path = CollisionTypes.swift; sourceTree = "<group>"; };
		D758B3ED200B727A009D5F37 /* Direction.swift */ = {isa = PBXFileReference; lastKnownFileType = sourcecode.swift; path = Direction.swift; sourceTree = "<group>"; };
		D758B3EF200B72E0009D5F37 /* ButtonType.swift */ = {isa = PBXFileReference; lastKnownFileType = sourcecode.swift; path = ButtonType.swift; sourceTree = "<group>"; };
		D76CB5FE200A550700C6557E /* SKNode+Action.swift */ = {isa = PBXFileReference; lastKnownFileType = sourcecode.swift; path = "SKNode+Action.swift"; sourceTree = "<group>"; };
		D7797E6F2013AA6900C81B71 /* Operators.swift */ = {isa = PBXFileReference; lastKnownFileType = sourcecode.swift; path = Operators.swift; sourceTree = "<group>"; };
		D7797E712013EC9700C81B71 /* RetryButton.swift */ = {isa = PBXFileReference; lastKnownFileType = sourcecode.swift; path = RetryButton.swift; sourceTree = "<group>"; };
		D783F8DF200648EB00C3D12E /* Config.xcconfig */ = {isa = PBXFileReference; lastKnownFileType = text.xcconfig; path = Config.xcconfig; sourceTree = "<group>"; };
		D798DCF42004025200B12290 /* Player.swift */ = {isa = PBXFileReference; lastKnownFileType = sourcecode.swift; path = Player.swift; sourceTree = "<group>"; };
		D7F12FE0200813790010EF62 /* Monster.swift */ = {isa = PBXFileReference; lastKnownFileType = sourcecode.swift; path = Monster.swift; sourceTree = "<group>"; };
/* End PBXFileReference section */

/* Begin PBXFrameworksBuildPhase section */
		AE57961B200401900039D3CA /* Frameworks */ = {
			isa = PBXFrameworksBuildPhase;
			buildActionMask = 2147483647;
			files = (
			);
			runOnlyForDeploymentPostprocessing = 0;
		};
		AED416E81FC3265400ADAAB9 /* Frameworks */ = {
			isa = PBXFrameworksBuildPhase;
			buildActionMask = 2147483647;
			files = (
			);
			runOnlyForDeploymentPostprocessing = 0;
		};
/* End PBXFrameworksBuildPhase section */

/* Begin PBXGroup section */
		AE5796132004018F0039D3CA /* Swiftendo_AW */ = {
			isa = PBXGroup;
			children = (
				AE5796142004018F0039D3CA /* Interface.storyboard */,
				AE5796192004018F0039D3CA /* Info.plist */,
			);
			path = Swiftendo_AW;
			sourceTree = "<group>";
		};
		AE579622200401900039D3CA /* Swiftendo_AW Extension */ = {
			isa = PBXGroup;
			children = (
				AE579623200401900039D3CA /* InterfaceController.swift */,
				AE579625200401900039D3CA /* ExtensionDelegate.swift */,
				AE579629200401900039D3CA /* Info.plist */,
			);
			path = "Swiftendo_AW Extension";
			sourceTree = "<group>";
		};
		AED416E21FC3265400ADAAB9 = {
			isa = PBXGroup;
			children = (
				D783F8DF200648EB00C3D12E /* Config.xcconfig */,
				AED416ED1FC3265400ADAAB9 /* Swiftendo */,
				AE5796132004018F0039D3CA /* Swiftendo_AW */,
				AE579622200401900039D3CA /* Swiftendo_AW Extension */,
				AED416EC1FC3265400ADAAB9 /* Products */,
			);
			sourceTree = "<group>";
		};
		AED416EC1FC3265400ADAAB9 /* Products */ = {
			isa = PBXGroup;
			children = (
				AED416EB1FC3265400ADAAB9 /* Swiftendo.app */,
				AE5796122004018F0039D3CA /* Swiftendo_AW.app */,
				AE57961E200401900039D3CA /* Swiftendo_AW Extension.appex */,
			);
			name = Products;
			sourceTree = "<group>";
		};
		AED416ED1FC3265400ADAAB9 /* Swiftendo */ = {
			isa = PBXGroup;
			children = (
				D7CC36C120054F9F0016FF21 /* Classes */,
				D758B3EC200B726B009D5F37 /* Enums */,
				D7CC36C320054FC70016FF21 /* Interface */,
				D7CC36C220054FA90016FF21 /* SpriteKit files */,
				AED416FB1FC3265400ADAAB9 /* Assets.xcassets */,
				AE8393481FC395B200B75CA2 /* Sounds */,
				D7CC36C020054F970016FF21 /* Models */,
				AED417001FC3265400ADAAB9 /* Info.plist */,
				D76CB600200A765E00C6557E /* Extensions */,
			);
			path = Swiftendo;
			sourceTree = "<group>";
		};
		D758B3EC200B726B009D5F37 /* Enums */ = {
			isa = PBXGroup;
			children = (
				D758B3ED200B727A009D5F37 /* Direction.swift */,
				D758B3EF200B72E0009D5F37 /* ButtonType.swift */,
				D71CD260200BF25A0082D273 /* CollisionTypes.swift */,
			);
			path = Enums;
			sourceTree = "<group>";
		};
		D76CB600200A765E00C6557E /* Extensions */ = {
			isa = PBXGroup;
			children = (
				D76CB5FE200A550700C6557E /* SKNode+Action.swift */,
				D7797E6F2013AA6900C81B71 /* Operators.swift */,
			);
			path = Extensions;
			sourceTree = "<group>";
		};
		D7CC36C020054F970016FF21 /* Models */ = {
			isa = PBXGroup;
			children = (
				D7117EF01FD69F7F00E082E3 /* Button.swift */,
				D798DCF42004025200B12290 /* Player.swift */,
				D7F12FE0200813790010EF62 /* Monster.swift */,
				D71CD258200BCBB70082D273 /* Pokeball.swift */,
				D7797E712013EC9700C81B71 /* RetryButton.swift */,
			);
			path = Models;
			sourceTree = "<group>";
		};
		D7CC36C120054F9F0016FF21 /* Classes */ = {
			isa = PBXGroup;
			children = (
				AED416EE1FC3265400ADAAB9 /* AppDelegate.swift */,
				AED416F41FC3265400ADAAB9 /* GameScene.swift */,
				AED416F61FC3265400ADAAB9 /* GameViewController.swift */,
			);
			path = Classes;
			sourceTree = "<group>";
		};
		D7CC36C220054FA90016FF21 /* SpriteKit files */ = {
			isa = PBXGroup;
			children = (
				D719E3121FE3DC3E002D6ADF /* GameScene.sks */,
				AE83934A1FC49C9800B75CA2 /* MyTileSet.sks */,
			);
			path = "SpriteKit files";
			sourceTree = "<group>";
		};
		D7CC36C320054FC70016FF21 /* Interface */ = {
			isa = PBXGroup;
			children = (
				AED416F81FC3265400ADAAB9 /* Main.storyboard */,
				AED416FD1FC3265400ADAAB9 /* LaunchScreen.storyboard */,
			);
			path = Interface;
			sourceTree = "<group>";
		};
/* End PBXGroup section */

/* Begin PBXNativeTarget section */
		AE5796112004018F0039D3CA /* Swiftendo_AW */ = {
			isa = PBXNativeTarget;
			buildConfigurationList = AE579633200401900039D3CA /* Build configuration list for PBXNativeTarget "Swiftendo_AW" */;
			buildPhases = (
				AE5796102004018F0039D3CA /* Resources */,
				AE579632200401900039D3CA /* Embed App Extensions */,
			);
			buildRules = (
			);
			dependencies = (
				AE579621200401900039D3CA /* PBXTargetDependency */,
			);
			name = Swiftendo_AW;
			productName = Swiftendo_AW;
			productReference = AE5796122004018F0039D3CA /* Swiftendo_AW.app */;
			productType = "com.apple.product-type.application.watchapp2";
		};
		AE57961D200401900039D3CA /* Swiftendo_AW Extension */ = {
			isa = PBXNativeTarget;
			buildConfigurationList = AE579631200401900039D3CA /* Build configuration list for PBXNativeTarget "Swiftendo_AW Extension" */;
			buildPhases = (
				AE57961A200401900039D3CA /* Sources */,
				AE57961B200401900039D3CA /* Frameworks */,
				AE57961C200401900039D3CA /* Resources */,
			);
			buildRules = (
			);
			dependencies = (
			);
			name = "Swiftendo_AW Extension";
			productName = "Swiftendo_AW Extension";
			productReference = AE57961E200401900039D3CA /* Swiftendo_AW Extension.appex */;
			productType = "com.apple.product-type.watchkit2-extension";
		};
		AED416EA1FC3265400ADAAB9 /* Swiftendo */ = {
			isa = PBXNativeTarget;
			buildConfigurationList = AED417031FC3265400ADAAB9 /* Build configuration list for PBXNativeTarget "Swiftendo" */;
			buildPhases = (
				AED416E71FC3265400ADAAB9 /* Sources */,
				AED416E81FC3265400ADAAB9 /* Frameworks */,
				AED416E91FC3265400ADAAB9 /* Resources */,
				AE579634200401900039D3CA /* Embed Watch Content */,
			);
			buildRules = (
			);
			dependencies = (
				AE57962B200401900039D3CA /* PBXTargetDependency */,
			);
			name = Swiftendo;
			productName = Swiftendo;
			productReference = AED416EB1FC3265400ADAAB9 /* Swiftendo.app */;
			productType = "com.apple.product-type.application";
		};
/* End PBXNativeTarget section */

/* Begin PBXProject section */
		AED416E31FC3265400ADAAB9 /* Project object */ = {
			isa = PBXProject;
			attributes = {
				LastSwiftUpdateCheck = 0920;
				LastUpgradeCheck = 0910;
				ORGANIZATIONNAME = ESGI;
				TargetAttributes = {
					AE5796112004018F0039D3CA = {
						CreatedOnToolsVersion = 9.2;
						ProvisioningStyle = Automatic;
					};
					AE57961D200401900039D3CA = {
						CreatedOnToolsVersion = 9.2;
						ProvisioningStyle = Automatic;
					};
					AED416EA1FC3265400ADAAB9 = {
						CreatedOnToolsVersion = 9.1;
						ProvisioningStyle = Automatic;
					};
				};
			};
			buildConfigurationList = AED416E61FC3265400ADAAB9 /* Build configuration list for PBXProject "Swiftendo" */;
			compatibilityVersion = "Xcode 8.0";
			developmentRegion = en;
			hasScannedForEncodings = 0;
			knownRegions = (
				en,
				Base,
			);
			mainGroup = AED416E21FC3265400ADAAB9;
			productRefGroup = AED416EC1FC3265400ADAAB9 /* Products */;
			projectDirPath = "";
			projectRoot = "";
			targets = (
				AED416EA1FC3265400ADAAB9 /* Swiftendo */,
				AE5796112004018F0039D3CA /* Swiftendo_AW */,
				AE57961D200401900039D3CA /* Swiftendo_AW Extension */,
			);
		};
/* End PBXProject section */

/* Begin PBXResourcesBuildPhase section */
		AE5796102004018F0039D3CA /* Resources */ = {
			isa = PBXResourcesBuildPhase;
			buildActionMask = 2147483647;
			files = (
				AE579637200403F30039D3CA /* Assets.xcassets in Resources */,
				AE5796162004018F0039D3CA /* Interface.storyboard in Resources */,
			);
			runOnlyForDeploymentPostprocessing = 0;
		};
		AE57961C200401900039D3CA /* Resources */ = {
			isa = PBXResourcesBuildPhase;
			buildActionMask = 2147483647;
			files = (
				AE579636200402350039D3CA /* Assets.xcassets in Resources */,
			);
			runOnlyForDeploymentPostprocessing = 0;
		};
		AED416E91FC3265400ADAAB9 /* Resources */ = {
			isa = PBXResourcesBuildPhase;
			buildActionMask = 2147483647;
			files = (
				AE8393491FC395BC00B75CA2 /* Sounds in Resources */,
				AED416FA1FC3265400ADAAB9 /* Main.storyboard in Resources */,
				AE83934B1FC49C9800B75CA2 /* MyTileSet.sks in Resources */,
				AED416FC1FC3265400ADAAB9 /* Assets.xcassets in Resources */,
				AED416FF1FC3265400ADAAB9 /* LaunchScreen.storyboard in Resources */,
				D719E3131FE3DC3E002D6ADF /* GameScene.sks in Resources */,
			);
			runOnlyForDeploymentPostprocessing = 0;
		};
/* End PBXResourcesBuildPhase section */

/* Begin PBXSourcesBuildPhase section */
		AE57961A200401900039D3CA /* Sources */ = {
			isa = PBXSourcesBuildPhase;
			buildActionMask = 2147483647;
			files = (
				AE579626200401900039D3CA /* ExtensionDelegate.swift in Sources */,
				AE579624200401900039D3CA /* InterfaceController.swift in Sources */,
			);
			runOnlyForDeploymentPostprocessing = 0;
		};
		AED416E71FC3265400ADAAB9 /* Sources */ = {
			isa = PBXSourcesBuildPhase;
			buildActionMask = 2147483647;
			files = (
				AED416F51FC3265400ADAAB9 /* GameScene.swift in Sources */,
				D7F12FE1200813790010EF62 /* Monster.swift in Sources */,
				AED416F71FC3265400ADAAB9 /* GameViewController.swift in Sources */,
				D71CD259200BCBB70082D273 /* Pokeball.swift in Sources */,
				AED416EF1FC3265400ADAAB9 /* AppDelegate.swift in Sources */,
				D7797E702013AA6900C81B71 /* Operators.swift in Sources */,
				D798DCF52004025200B12290 /* Player.swift in Sources */,
				D71CD261200BF25A0082D273 /* CollisionTypes.swift in Sources */,
				D758B3F0200B72E0009D5F37 /* ButtonType.swift in Sources */,
				D76CB5FF200A550700C6557E /* SKNode+Action.swift in Sources */,
				D7797E722013EC9700C81B71 /* RetryButton.swift in Sources */,
				D7117EF11FD69F7F00E082E3 /* Button.swift in Sources */,
				D758B3EE200B727A009D5F37 /* Direction.swift in Sources */,
			);
			runOnlyForDeploymentPostprocessing = 0;
		};
/* End PBXSourcesBuildPhase section */

/* Begin PBXTargetDependency section */
		AE579621200401900039D3CA /* PBXTargetDependency */ = {
			isa = PBXTargetDependency;
			target = AE57961D200401900039D3CA /* Swiftendo_AW Extension */;
			targetProxy = AE579620200401900039D3CA /* PBXContainerItemProxy */;
		};
		AE57962B200401900039D3CA /* PBXTargetDependency */ = {
			isa = PBXTargetDependency;
			target = AE5796112004018F0039D3CA /* Swiftendo_AW */;
			targetProxy = AE57962A200401900039D3CA /* PBXContainerItemProxy */;
		};
/* End PBXTargetDependency section */

/* Begin PBXVariantGroup section */
		AE5796142004018F0039D3CA /* Interface.storyboard */ = {
			isa = PBXVariantGroup;
			children = (
				AE5796152004018F0039D3CA /* Base */,
			);
			name = Interface.storyboard;
			sourceTree = "<group>";
		};
		AED416F81FC3265400ADAAB9 /* Main.storyboard */ = {
			isa = PBXVariantGroup;
			children = (
				AED416F91FC3265400ADAAB9 /* Base */,
			);
			name = Main.storyboard;
			sourceTree = "<group>";
		};
		AED416FD1FC3265400ADAAB9 /* LaunchScreen.storyboard */ = {
			isa = PBXVariantGroup;
			children = (
				AED416FE1FC3265400ADAAB9 /* Base */,
			);
			name = LaunchScreen.storyboard;
			sourceTree = "<group>";
		};
/* End PBXVariantGroup section */

/* Begin XCBuildConfiguration section */
		AE57962D200401900039D3CA /* Debug */ = {
			isa = XCBuildConfiguration;
			baseConfigurationReference = D783F8DF200648EB00C3D12E /* Config.xcconfig */;
			buildSettings = {
				ALWAYS_EMBED_SWIFT_STANDARD_LIBRARIES = YES;
				ASSETCATALOG_COMPILER_APPICON_NAME = AppIcon;
				CODE_SIGN_STYLE = Automatic;
				DEVELOPMENT_TEAM = PG324D5455;
				IBSC_MODULE = Swiftendo_AW_Extension;
				INFOPLIST_FILE = Swiftendo_AW/Info.plist;
				PRODUCT_BUNDLE_IDENTIFIER = "${WATCHKIT_BUNDLE_ID}";
				PRODUCT_NAME = "$(TARGET_NAME)";
				SDKROOT = watchos;
				SKIP_INSTALL = YES;
				SWIFT_VERSION = 4.0;
				TARGETED_DEVICE_FAMILY = 4;
				WATCHOS_DEPLOYMENT_TARGET = 4.0;
			};
			name = Debug;
		};
		AE57962E200401900039D3CA /* Release */ = {
			isa = XCBuildConfiguration;
			buildSettings = {
				ALWAYS_EMBED_SWIFT_STANDARD_LIBRARIES = YES;
				ASSETCATALOG_COMPILER_APPICON_NAME = AppIcon;
				CODE_SIGN_STYLE = Automatic;
				DEVELOPMENT_TEAM = PG324D5455;
				IBSC_MODULE = Swiftendo_AW_Extension;
				INFOPLIST_FILE = Swiftendo_AW/Info.plist;
				PRODUCT_BUNDLE_IDENTIFIER = "${WATCHKIT_BUNDLE_ID}";
				PRODUCT_NAME = "$(TARGET_NAME)";
				SDKROOT = watchos;
				SKIP_INSTALL = YES;
				SWIFT_VERSION = 4.0;
				TARGETED_DEVICE_FAMILY = 4;
				WATCHOS_DEPLOYMENT_TARGET = 4.0;
			};
			name = Release;
		};
		AE57962F200401900039D3CA /* Debug */ = {
			isa = XCBuildConfiguration;
			baseConfigurationReference = D783F8DF200648EB00C3D12E /* Config.xcconfig */;
			buildSettings = {
				ASSETCATALOG_COMPILER_COMPLICATION_NAME = Complication;
				CODE_SIGN_STYLE = Automatic;
				DEVELOPMENT_TEAM = PG324D5455;
				INFOPLIST_FILE = "Swiftendo_AW Extension/Info.plist";
				LD_RUNPATH_SEARCH_PATHS = "$(inherited) @executable_path/Frameworks @executable_path/../../Frameworks";
				PRODUCT_BUNDLE_IDENTIFIER = "${WATCHEXTENSION_BUNDLE_ID}";
				PRODUCT_NAME = "${TARGET_NAME}";
				SDKROOT = watchos;
				SKIP_INSTALL = YES;
				SWIFT_VERSION = 4.0;
				TARGETED_DEVICE_FAMILY = 4;
				WATCHOS_DEPLOYMENT_TARGET = 4.0;
			};
			name = Debug;
		};
		AE579630200401900039D3CA /* Release */ = {
			isa = XCBuildConfiguration;
			buildSettings = {
				ASSETCATALOG_COMPILER_COMPLICATION_NAME = Complication;
				CODE_SIGN_STYLE = Automatic;
				DEVELOPMENT_TEAM = PG324D5455;
				INFOPLIST_FILE = "Swiftendo_AW Extension/Info.plist";
				LD_RUNPATH_SEARCH_PATHS = "$(inherited) @executable_path/Frameworks @executable_path/../../Frameworks";
				PRODUCT_BUNDLE_IDENTIFIER = "${WATCHEXTENSION_BUNDLE_ID}";
				PRODUCT_NAME = "${TARGET_NAME}";
				SDKROOT = watchos;
				SKIP_INSTALL = YES;
				SWIFT_VERSION = 4.0;
				TARGETED_DEVICE_FAMILY = 4;
				WATCHOS_DEPLOYMENT_TARGET = 4.0;
			};
			name = Release;
		};
		AED417011FC3265400ADAAB9 /* Debug */ = {
			isa = XCBuildConfiguration;
			buildSettings = {
				ALWAYS_SEARCH_USER_PATHS = NO;
				CLANG_ANALYZER_NONNULL = YES;
				CLANG_ANALYZER_NUMBER_OBJECT_CONVERSION = YES_AGGRESSIVE;
				CLANG_CXX_LANGUAGE_STANDARD = "gnu++14";
				CLANG_CXX_LIBRARY = "libc++";
				CLANG_ENABLE_MODULES = YES;
				CLANG_ENABLE_OBJC_ARC = YES;
				CLANG_WARN_BLOCK_CAPTURE_AUTORELEASING = YES;
				CLANG_WARN_BOOL_CONVERSION = YES;
				CLANG_WARN_COMMA = YES;
				CLANG_WARN_CONSTANT_CONVERSION = YES;
				CLANG_WARN_DIRECT_OBJC_ISA_USAGE = YES_ERROR;
				CLANG_WARN_DOCUMENTATION_COMMENTS = YES;
				CLANG_WARN_EMPTY_BODY = YES;
				CLANG_WARN_ENUM_CONVERSION = YES;
				CLANG_WARN_INFINITE_RECURSION = YES;
				CLANG_WARN_INT_CONVERSION = YES;
				CLANG_WARN_NON_LITERAL_NULL_CONVERSION = YES;
				CLANG_WARN_OBJC_LITERAL_CONVERSION = YES;
				CLANG_WARN_OBJC_ROOT_CLASS = YES_ERROR;
				CLANG_WARN_RANGE_LOOP_ANALYSIS = YES;
				CLANG_WARN_STRICT_PROTOTYPES = YES;
				CLANG_WARN_SUSPICIOUS_MOVE = YES;
				CLANG_WARN_UNGUARDED_AVAILABILITY = YES_AGGRESSIVE;
				CLANG_WARN_UNREACHABLE_CODE = YES;
				CLANG_WARN__DUPLICATE_METHOD_MATCH = YES;
				CODE_SIGN_IDENTITY = "iPhone Developer";
				COPY_PHASE_STRIP = NO;
				DEBUG_INFORMATION_FORMAT = dwarf;
				ENABLE_STRICT_OBJC_MSGSEND = YES;
				ENABLE_TESTABILITY = YES;
				GCC_C_LANGUAGE_STANDARD = gnu11;
				GCC_DYNAMIC_NO_PIC = NO;
				GCC_NO_COMMON_BLOCKS = YES;
				GCC_OPTIMIZATION_LEVEL = 0;
				GCC_PREPROCESSOR_DEFINITIONS = (
					"DEBUG=1",
					"$(inherited)",
				);
				GCC_WARN_64_TO_32_BIT_CONVERSION = YES;
				GCC_WARN_ABOUT_RETURN_TYPE = YES_ERROR;
				GCC_WARN_UNDECLARED_SELECTOR = YES;
				GCC_WARN_UNINITIALIZED_AUTOS = YES_AGGRESSIVE;
				GCC_WARN_UNUSED_FUNCTION = YES;
				GCC_WARN_UNUSED_VARIABLE = YES;
				IPHONEOS_DEPLOYMENT_TARGET = 11.0;
				MTL_ENABLE_DEBUG_INFO = YES;
				ONLY_ACTIVE_ARCH = YES;
				SDKROOT = iphoneos;
				SWIFT_ACTIVE_COMPILATION_CONDITIONS = DEBUG;
				SWIFT_OPTIMIZATION_LEVEL = "-Onone";
			};
			name = Debug;
		};
		AED417021FC3265400ADAAB9 /* Release */ = {
			isa = XCBuildConfiguration;
			buildSettings = {
				ALWAYS_SEARCH_USER_PATHS = NO;
				CLANG_ANALYZER_NONNULL = YES;
				CLANG_ANALYZER_NUMBER_OBJECT_CONVERSION = YES_AGGRESSIVE;
				CLANG_CXX_LANGUAGE_STANDARD = "gnu++14";
				CLANG_CXX_LIBRARY = "libc++";
				CLANG_ENABLE_MODULES = YES;
				CLANG_ENABLE_OBJC_ARC = YES;
				CLANG_WARN_BLOCK_CAPTURE_AUTORELEASING = YES;
				CLANG_WARN_BOOL_CONVERSION = YES;
				CLANG_WARN_COMMA = YES;
				CLANG_WARN_CONSTANT_CONVERSION = YES;
				CLANG_WARN_DIRECT_OBJC_ISA_USAGE = YES_ERROR;
				CLANG_WARN_DOCUMENTATION_COMMENTS = YES;
				CLANG_WARN_EMPTY_BODY = YES;
				CLANG_WARN_ENUM_CONVERSION = YES;
				CLANG_WARN_INFINITE_RECURSION = YES;
				CLANG_WARN_INT_CONVERSION = YES;
				CLANG_WARN_NON_LITERAL_NULL_CONVERSION = YES;
				CLANG_WARN_OBJC_LITERAL_CONVERSION = YES;
				CLANG_WARN_OBJC_ROOT_CLASS = YES_ERROR;
				CLANG_WARN_RANGE_LOOP_ANALYSIS = YES;
				CLANG_WARN_STRICT_PROTOTYPES = YES;
				CLANG_WARN_SUSPICIOUS_MOVE = YES;
				CLANG_WARN_UNGUARDED_AVAILABILITY = YES_AGGRESSIVE;
				CLANG_WARN_UNREACHABLE_CODE = YES;
				CLANG_WARN__DUPLICATE_METHOD_MATCH = YES;
				CODE_SIGN_IDENTITY = "iPhone Developer";
				COPY_PHASE_STRIP = NO;
				DEBUG_INFORMATION_FORMAT = "dwarf-with-dsym";
				ENABLE_NS_ASSERTIONS = NO;
				ENABLE_STRICT_OBJC_MSGSEND = YES;
				GCC_C_LANGUAGE_STANDARD = gnu11;
				GCC_NO_COMMON_BLOCKS = YES;
				GCC_WARN_64_TO_32_BIT_CONVERSION = YES;
				GCC_WARN_ABOUT_RETURN_TYPE = YES_ERROR;
				GCC_WARN_UNDECLARED_SELECTOR = YES;
				GCC_WARN_UNINITIALIZED_AUTOS = YES_AGGRESSIVE;
				GCC_WARN_UNUSED_FUNCTION = YES;
				GCC_WARN_UNUSED_VARIABLE = YES;
				IPHONEOS_DEPLOYMENT_TARGET = 11.0;
				MTL_ENABLE_DEBUG_INFO = NO;
				SDKROOT = iphoneos;
				SWIFT_OPTIMIZATION_LEVEL = "-Owholemodule";
				VALIDATE_PRODUCT = YES;
			};
			name = Release;
		};
		AED417041FC3265400ADAAB9 /* Debug */ = {
			isa = XCBuildConfiguration;
			baseConfigurationReference = D783F8DF200648EB00C3D12E /* Config.xcconfig */;
			buildSettings = {
				ASSETCATALOG_COMPILER_APPICON_NAME = AppIcon;
				"CODE_SIGN_IDENTITY[sdk=iphoneos*]" = "iPhone Developer";
				CODE_SIGN_STYLE = Automatic;
				DEVELOPMENT_TEAM = PG324D5455;
				INFOPLIST_FILE = Swiftendo/Info.plist;
				IPHONEOS_DEPLOYMENT_TARGET = 11.0;
				LD_RUNPATH_SEARCH_PATHS = "$(inherited) @executable_path/Frameworks";
				PRODUCT_BUNDLE_IDENTIFIER = "${IOS_BUNDLE_ID}";
				PRODUCT_NAME = "$(TARGET_NAME)";
				PROVISIONING_PROFILE_SPECIFIER = "";
				SWIFT_VERSION = 4.0;
				TARGETED_DEVICE_FAMILY = 1;
			};
			name = Debug;
		};
		AED417051FC3265400ADAAB9 /* Release */ = {
			isa = XCBuildConfiguration;
			buildSettings = {
				ASSETCATALOG_COMPILER_APPICON_NAME = AppIcon;
				"CODE_SIGN_IDENTITY[sdk=iphoneos*]" = "iPhone Developer";
				CODE_SIGN_STYLE = Automatic;
				DEVELOPMENT_TEAM = PG324D5455;
				INFOPLIST_FILE = Swiftendo/Info.plist;
				IPHONEOS_DEPLOYMENT_TARGET = 11.0;
				LD_RUNPATH_SEARCH_PATHS = "$(inherited) @executable_path/Frameworks";
				PRODUCT_BUNDLE_IDENTIFIER = "${IOS_BUNDLE_ID}";
				PRODUCT_NAME = "$(TARGET_NAME)";
				PROVISIONING_PROFILE_SPECIFIER = "";
				SWIFT_VERSION = 4.0;
				TARGETED_DEVICE_FAMILY = 1;
			};
			name = Release;
		};
/* End XCBuildConfiguration section */

/* Begin XCConfigurationList section */
		AE579631200401900039D3CA /* Build configuration list for PBXNativeTarget "Swiftendo_AW Extension" */ = {
			isa = XCConfigurationList;
			buildConfigurations = (
				AE57962F200401900039D3CA /* Debug */,
				AE579630200401900039D3CA /* Release */,
			);
			defaultConfigurationIsVisible = 0;
			defaultConfigurationName = Release;
		};
		AE579633200401900039D3CA /* Build configuration list for PBXNativeTarget "Swiftendo_AW" */ = {
			isa = XCConfigurationList;
			buildConfigurations = (
				AE57962D200401900039D3CA /* Debug */,
				AE57962E200401900039D3CA /* Release */,
			);
			defaultConfigurationIsVisible = 0;
			defaultConfigurationName = Release;
		};
		AED416E61FC3265400ADAAB9 /* Build configuration list for PBXProject "Swiftendo" */ = {
			isa = XCConfigurationList;
			buildConfigurations = (
				AED417011FC3265400ADAAB9 /* Debug */,
				AED417021FC3265400ADAAB9 /* Release */,
			);
			defaultConfigurationIsVisible = 0;
			defaultConfigurationName = Release;
		};
		AED417031FC3265400ADAAB9 /* Build configuration list for PBXNativeTarget "Swiftendo" */ = {
			isa = XCConfigurationList;
			buildConfigurations = (
				AED417041FC3265400ADAAB9 /* Debug */,
				AED417051FC3265400ADAAB9 /* Release */,
			);
			defaultConfigurationIsVisible = 0;
			defaultConfigurationName = Release;
		};
/* End XCConfigurationList section */
	};
	rootObject = AED416E31FC3265400ADAAB9 /* Project object */;
}
